# This file is automatically @generated by Cargo.
# It is not intended for manual editing.
version = 4

[[package]]
name = "hp-ai"
version = "0.1.0"

[[package]]
name = "hp-album"
version = "0.1.0"

[[package]]
name = "hp-core"
version = "0.1.0"

[[package]]
name = "hp-fsops"
version = "0.1.0"

[[package]]
name = "hp-hash"
version = "0.1.0"

[[package]]
name = "hp-media"
version = "0.1.0"

[[package]]
name = "hp-plugin-host"
version = "0.1.0"

[[package]]
name = "hp-scanner"
version = "0.1.0"

[[package]]
name = "hp-store"
version = "0.1.0"
